
Microsoft Visual Studio Solution File, Format Version 12.00
# Visual Studio Version 17
VisualStudioVersion = 17.11.35222.181
MinimumVisualStudioVersion = 10.0.40219.1
Project("{FAE04EC0-301F-11D3-BF4B-00C04F79EFBC}") = "CashInfinityDemo", "CashInfinityDemo.csproj", "{47E5B42F-1B79-45E9-80B5-5B2A0944336F}"
EndProject
Global
	GlobalSection(SolutionConfigurationPlatforms) = preSolution
		Debug|Any CPU = Debug|Any CPU
		Release|Any CPU = Release|Any CPU
	EndGlobalSection
	GlobalSection(ProjectConfigurationPlatforms) = postSolution
		{47E5B42F-1B79-45E9-80B5-5B2A0944336F}.Debug|Any CPU.ActiveCfg = Debug|Any CPU
		{47E5B42F-1B79-45E9-80B5-5B2A0944336F}.Debug|Any CPU.Build.0 = Debug|Any CPU
		{47E5B42F-1B79-45E9-80B5-5B2A0944336F}.Release|Any CPU.ActiveCfg = Release|Any CPU
		{47E5B42F-1B79-45E9-80B5-5B2A0944336F}.Release|Any CPU.Build.0 = Release|Any CPU
	EndGlobalSection
	GlobalSection(SolutionProperties) = preSolution
		HideSolutionNode = FALSE
	EndGlobalSection
	GlobalSection(ExtensibilityGlobals) = postSolution
		SolutionGuid = {F857C26E-BF48-47BA-BC9E-89E6F345DFC9}
	EndGlobalSection
EndGlobal
